
Microsoft Visual Studio Solution File, Format Version 12.00
# Visual Studio Version 17
VisualStudioVersion = 17.0.31903.59
MinimumVisualStudioVersion = 10.0.40219.1
Project("{FAE04EC0-301F-11D3-BF4B-00C04F79EFBC}") = "ConsoleApp1", "ConsoleApp1\ConsoleApp1.csproj", "{C0B79CA6-B432-4311-9FC0-8830F5673F70}"
EndProject
Project("{FAE04EC0-301F-11D3-BF4B-00C04F79EFBC}") = "TestProject1", "TestProject1\TestProject1.csproj", "{1A5C01B4-5831-4A6B-93FD-1A1DAD10045E}"
EndProject
Global
	GlobalSection(SolutionConfigurationPlatforms) = preSolution
		Debug|Any CPU = Debug|Any CPU
		Release|Any CPU = Release|Any CPU
	EndGlobalSection
	GlobalSection(ProjectConfigurationPlatforms) = postSolution
		{C0B79CA6-B432-4311-9FC0-8830F5673F70}.Debug|Any CPU.ActiveCfg = Debug|Any CPU
		{C0B79CA6-B432-4311-9FC0-8830F5673F70}.Debug|Any CPU.Build.0 = Debug|Any CPU
		{C0B79CA6-B432-4311-9FC0-8830F5673F70}.Release|Any CPU.ActiveCfg = Release|Any CPU
		{C0B79CA6-B432-4311-9FC0-8830F5673F70}.Release|Any CPU.Build.0 = Release|Any CPU
		{1A5C01B4-5831-4A6B-93FD-1A1DAD10045E}.Debug|Any CPU.ActiveCfg = Debug|Any CPU
		{1A5C01B4-5831-4A6B-93FD-1A1DAD10045E}.Debug|Any CPU.Build.0 = Debug|Any CPU
		{1A5C01B4-5831-4A6B-93FD-1A1DAD10045E}.Release|Any CPU.ActiveCfg = Release|Any CPU
		{1A5C01B4-5831-4A6B-93FD-1A1DAD10045E}.Release|Any CPU.Build.0 = Release|Any CPU
	EndGlobalSection
	GlobalSection(SolutionProperties) = preSolution
		HideSolutionNode = FALSE
	EndGlobalSection
	GlobalSection(ExtensibilityGlobals) = postSolution
		SolutionGuid = {E14D7A43-C75D-43F8-BAD1-348E63A4F469}
	EndGlobalSection
EndGlobal
